{
  "version": 4,
  "terraform_version": "1.3.5",
  "serial": 31,
  "lineage": "17324551-83b4-f473-ca38-13ddb61dc2b1",
  "outputs": {},
  "resources": [
    {
      "mode": "managed",
      "type": "docker_container",
      "name": "nodejs_notejam",
      "provider": "provider[\"registry.terraform.io/kreuzwerker/docker\"]",
      "instances": [
        {
          "schema_version": 2,
          "attributes": {
            "attach": false,
            "bridge": "",
            "capabilities": [],
            "command": [
              "node",
              "/app/webserver.js"
            ],
            "container_logs": null,
            "container_read_refresh_timeout_milliseconds": 15000,
            "cpu_set": "",
            "cpu_shares": 0,
            "destroy_grace_seconds": 30,
            "devices": [],
            "dns": null,
            "dns_opts": null,
            "dns_search": null,
            "domainname": "server.local",
            "entrypoint": [
              "docker-entrypoint.sh"
            ],
            "env": [
              "NAME=NOTEJAM",
              "NODE_ENV=DEV",
              "PORT=80"
            ],
            "exit_code": null,
            "gateway": "172.17.0.1",
            "gpus": null,
            "group_add": null,
            "healthcheck": null,
            "host": [],
            "hostname": "5e4e5c19d1ec",
            "id": "5e4e5c19d1ec37af3d930b7f58f542569567181e84268782b28fb3cf9a245f88",
            "image": "sha256:25f4410d9e477c2ae4e77c84bf668f392ead82c32961d7b84b0a942e575bad26",
            "init": false,
            "ip_address": "172.17.0.3",
            "ip_prefix_length": 16,
            "ipc_mode": "shareable",
            "labels": [],
            "links": null,
            "log_driver": "json-file",
            "log_opts": null,
            "logs": false,
            "max_retry_count": 0,
            "memory": 256,
            "memory_swap": 512,
            "mounts": [],
            "must_run": true,
            "name": "notejam",
            "network_alias": null,
            "network_data": [
              {
                "gateway": "172.17.0.1",
                "global_ipv6_address": "",
                "global_ipv6_prefix_length": 0,
                "ip_address": "172.17.0.3",
                "ip_prefix_length": 16,
                "ipv6_gateway": "",
                "network_name": "bridge"
              }
            ],
            "network_mode": "default",
            "networks": null,
            "networks_advanced": [],
            "pid_mode": "",
            "ports": [
              {
                "external": 8082,
                "internal": 80,
                "ip": "0.0.0.0",
                "protocol": "tcp"
              }
            ],
            "privileged": false,
            "publish_all_ports": false,
            "read_only": false,
            "remove_volumes": true,
            "restart": "unless-stopped",
            "rm": false,
            "runtime": "runc",
            "security_opts": [],
            "shm_size": 64,
            "start": true,
            "stdin_open": false,
            "stop_signal": "",
            "stop_timeout": 0,
            "storage_opts": null,
            "sysctls": null,
            "tmpfs": null,
            "tty": false,
            "ulimit": [],
            "upload": [],
            "user": "",
            "userns_mode": "",
            "volumes": [],
            "wait": false,
            "wait_timeout": 60,
            "working_dir": "/app"
          },
          "sensitive_attributes": [],
          "private": "eyJzY2hlbWFfdmVyc2lvbiI6IjIifQ==",
          "dependencies": [
            "docker_image.custom_nodejs_image"
          ]
        }
      ]
    },
    {
      "mode": "managed",
      "type": "docker_image",
      "name": "custom_nodejs_image",
      "provider": "provider[\"registry.terraform.io/kreuzwerker/docker\"]",
      "instances": [
        {
          "schema_version": 0,
          "attributes": {
            "build": [
              {
                "build_arg": null,
                "dockerfile": "Dockerfile",
                "force_remove": null,
                "label": null,
                "no_cache": null,
                "path": ".",
                "remove": true,
                "tag": [],
                "target": ""
              }
            ],
            "force_remove": null,
            "id": "sha256:25f4410d9e477c2ae4e77c84bf668f392ead82c32961d7b84b0a942e575bad26notejam_nodejs:latest",
            "image_id": "sha256:25f4410d9e477c2ae4e77c84bf668f392ead82c32961d7b84b0a942e575bad26",
            "keep_locally": true,
            "latest": "sha256:25f4410d9e477c2ae4e77c84bf668f392ead82c32961d7b84b0a942e575bad26",
            "name": "notejam_nodejs:latest",
            "output": null,
            "pull_trigger": null,
            "pull_triggers": null,
            "repo_digest": "",
            "triggers": null
          },
          "sensitive_attributes": [],
          "private": "bnVsbA=="
        }
      ]
    }
  ],
  "check_results": null
}
